
Microsoft Visual Studio Solution File, Format Version 12.00
# Visual Studio 2013
VisualStudioVersion = 12.0.21005.1
MinimumVisualStudioVersion = 10.0.40219.1
Project("{FAE04EC0-301F-11D3-BF4B-00C04F79EFBC}") = "SampleWorking", "SampleWorking\SampleWorking.csproj", "{DD96ABEB-7592-479C-B6A1-D35AA8CEC8AB}"
EndProject
Project("{FAE04EC0-301F-11D3-BF4B-00C04F79EFBC}") = "SampleWorkingWeb", "SampleWorkingWeb\SampleWorkingWeb.csproj", "{64AB94C2-6CEF-40ED-B6FC-88C30407ADDF}"
EndProject
Global
	GlobalSection(SolutionConfigurationPlatforms) = preSolution
		Debug|Any CPU = Debug|Any CPU
		Release|Any CPU = Release|Any CPU
	EndGlobalSection
	GlobalSection(ProjectConfigurationPlatforms) = postSolution
		{DD96ABEB-7592-479C-B6A1-D35AA8CEC8AB}.Debug|Any CPU.ActiveCfg = Debug|Any CPU
		{DD96ABEB-7592-479C-B6A1-D35AA8CEC8AB}.Debug|Any CPU.Build.0 = Debug|Any CPU
		{DD96ABEB-7592-479C-B6A1-D35AA8CEC8AB}.Debug|Any CPU.Deploy.0 = Debug|Any CPU
		{DD96ABEB-7592-479C-B6A1-D35AA8CEC8AB}.Release|Any CPU.ActiveCfg = Release|Any CPU
		{DD96ABEB-7592-479C-B6A1-D35AA8CEC8AB}.Release|Any CPU.Build.0 = Release|Any CPU
		{DD96ABEB-7592-479C-B6A1-D35AA8CEC8AB}.Release|Any CPU.Deploy.0 = Release|Any CPU
		{64AB94C2-6CEF-40ED-B6FC-88C30407ADDF}.Debug|Any CPU.ActiveCfg = Debug|Any CPU
		{64AB94C2-6CEF-40ED-B6FC-88C30407ADDF}.Debug|Any CPU.Build.0 = Debug|Any CPU
		{64AB94C2-6CEF-40ED-B6FC-88C30407ADDF}.Release|Any CPU.ActiveCfg = Release|Any CPU
		{64AB94C2-6CEF-40ED-B6FC-88C30407ADDF}.Release|Any CPU.Build.0 = Release|Any CPU
	EndGlobalSection
	GlobalSection(SolutionProperties) = preSolution
		HideSolutionNode = FALSE
	EndGlobalSection
EndGlobal
